{
  "name": "prettier-plugin-toml",
  "version": "1.0.0",
  "lockfileVersion": 1,
  "requires": true,
  "dependencies": {
    "prettier": {
      "version": "1.15.3",
      "resolved": "https://registry.npmjs.org/prettier/-/prettier-1.15.3.tgz",
      "integrity": "sha512-gAU9AGAPMaKb3NNSUUuhhFAS7SCO4ALTN4nRIn6PJ075Qd28Yn2Ig2ahEJWdJwJmlEBTUfC7mMUSFy8MwsOCfg=="
    },
    "toml": {
      "version": "2.3.5",
      "resolved": "https://registry.npmjs.org/toml/-/toml-2.3.5.tgz",
      "integrity": "sha512-ulY/Z2yPWKl/3JvGJvnEe7mXqVt2+TtDoRxJNgTAwO+3lwXefeCHS697NN0KRy6q7U/b1MnSnj/UGF/4U0U2WQ=="
    }
  }
}
